
Microsoft Visual Studio Solution File, Format Version 12.00
# Visual Studio Version 16
VisualStudioVersion = 16.0.30105.148
MinimumVisualStudioVersion = 10.0.40219.1
Project("{8BC9CEB8-8B4A-11D0-8D11-00A0C91BC942}") = "modMatrix", "modMatrix\modMatrix.vcxproj", "{D255CC57-1F9C-4A22-A704-197843DCBC4F}"
EndProject
Project("{8BC9CEB8-8B4A-11D0-8D11-00A0C91BC942}") = "TestMatrix", "TestMatrix\TestMatrix.vcxproj", "{27B5C303-68CE-4FCE-9522-DFAA1732BBA5}"
EndProject
Project("{8BC9CEB8-8B4A-11D0-8D11-00A0C91BC942}") = "modLeastSquares", "modLeastSquares\modLeastSquares.vcxproj", "{79D89969-22C6-4142-BB5F-91F8F341DE40}"
EndProject
Project("{8BC9CEB8-8B4A-11D0-8D11-00A0C91BC942}") = "TestLeastSquares", "TestLeastSquares\TestLeastSquares.vcxproj", "{DE80C9DE-AB6E-4445-8EF2-F6BEFFC1D4E4}"
EndProject
Project("{8BC9CEB8-8B4A-11D0-8D11-00A0C91BC942}") = "modIndoorPositioning", "modIndoorPositioning\modIndoorPositioning.vcxproj", "{22E1DC68-35A4-4B83-8972-CBA14F609676}"
EndProject
Project("{8BC9CEB8-8B4A-11D0-8D11-00A0C91BC942}") = "TestRouterNet", "TestRouterNet\TestRouterNet.vcxproj", "{8274A8EF-B363-4AE7-A65F-532EB1279E81}"
EndProject
Project("{8BC9CEB8-8B4A-11D0-8D11-00A0C91BC942}") = "testTrackBuilder", "testTrackBuilder\testTrackBuilder.vcxproj", "{530538B3-0EB0-4D60-B872-4ED4AB2DBFE8}"
EndProject
Project("{8BC9CEB8-8B4A-11D0-8D11-00A0C91BC942}") = "modPythonData", "modPythonData\modPythonData.vcxproj", "{761567C0-5562-4E8F-A8E4-8C56FF33CA21}"
EndProject
Project("{8BC9CEB8-8B4A-11D0-8D11-00A0C91BC942}") = "TestPythonData", "TestPythonData\TestPythonData.vcxproj", "{FB6043C8-33A4-4C0B-B2C2-F2F66525D86D}"
EndProject
Global
	GlobalSection(SolutionConfigurationPlatforms) = preSolution
		Debug|x64 = Debug|x64
		Debug|x86 = Debug|x86
		Release|x64 = Release|x64
		Release|x86 = Release|x86
	EndGlobalSection
	GlobalSection(ProjectConfigurationPlatforms) = postSolution
		{D255CC57-1F9C-4A22-A704-197843DCBC4F}.Debug|x64.ActiveCfg = Debug|x64
		{D255CC57-1F9C-4A22-A704-197843DCBC4F}.Debug|x64.Build.0 = Debug|x64
		{D255CC57-1F9C-4A22-A704-197843DCBC4F}.Debug|x86.ActiveCfg = Debug|Win32
		{D255CC57-1F9C-4A22-A704-197843DCBC4F}.Debug|x86.Build.0 = Debug|Win32
		{D255CC57-1F9C-4A22-A704-197843DCBC4F}.Release|x64.ActiveCfg = Release|x64
		{D255CC57-1F9C-4A22-A704-197843DCBC4F}.Release|x64.Build.0 = Release|x64
		{D255CC57-1F9C-4A22-A704-197843DCBC4F}.Release|x86.ActiveCfg = Release|Win32
		{D255CC57-1F9C-4A22-A704-197843DCBC4F}.Release|x86.Build.0 = Release|Win32
		{27B5C303-68CE-4FCE-9522-DFAA1732BBA5}.Debug|x64.ActiveCfg = Debug|x64
		{27B5C303-68CE-4FCE-9522-DFAA1732BBA5}.Debug|x64.Build.0 = Debug|x64
		{27B5C303-68CE-4FCE-9522-DFAA1732BBA5}.Debug|x86.ActiveCfg = Debug|Win32
		{27B5C303-68CE-4FCE-9522-DFAA1732BBA5}.Debug|x86.Build.0 = Debug|Win32
		{27B5C303-68CE-4FCE-9522-DFAA1732BBA5}.Release|x64.ActiveCfg = Release|x64
		{27B5C303-68CE-4FCE-9522-DFAA1732BBA5}.Release|x64.Build.0 = Release|x64
		{27B5C303-68CE-4FCE-9522-DFAA1732BBA5}.Release|x86.ActiveCfg = Release|Win32
		{27B5C303-68CE-4FCE-9522-DFAA1732BBA5}.Release|x86.Build.0 = Release|Win32
		{79D89969-22C6-4142-BB5F-91F8F341DE40}.Debug|x64.ActiveCfg = Debug|x64
		{79D89969-22C6-4142-BB5F-91F8F341DE40}.Debug|x64.Build.0 = Debug|x64
		{79D89969-22C6-4142-BB5F-91F8F341DE40}.Debug|x86.ActiveCfg = Debug|Win32
		{79D89969-22C6-4142-BB5F-91F8F341DE40}.Debug|x86.Build.0 = Debug|Win32
		{79D89969-22C6-4142-BB5F-91F8F341DE40}.Release|x64.ActiveCfg = Release|x64
		{79D89969-22C6-4142-BB5F-91F8F341DE40}.Release|x64.Build.0 = Release|x64
		{79D89969-22C6-4142-BB5F-91F8F341DE40}.Release|x86.ActiveCfg = Release|Win32
		{79D89969-22C6-4142-BB5F-91F8F341DE40}.Release|x86.Build.0 = Release|Win32
		{DE80C9DE-AB6E-4445-8EF2-F6BEFFC1D4E4}.Debug|x64.ActiveCfg = Debug|x64
		{DE80C9DE-AB6E-4445-8EF2-F6BEFFC1D4E4}.Debug|x64.Build.0 = Debug|x64
		{DE80C9DE-AB6E-4445-8EF2-F6BEFFC1D4E4}.Debug|x86.ActiveCfg = Debug|Win32
		{DE80C9DE-AB6E-4445-8EF2-F6BEFFC1D4E4}.Debug|x86.Build.0 = Debug|Win32
		{DE80C9DE-AB6E-4445-8EF2-F6BEFFC1D4E4}.Release|x64.ActiveCfg = Release|x64
		{DE80C9DE-AB6E-4445-8EF2-F6BEFFC1D4E4}.Release|x64.Build.0 = Release|x64
		{DE80C9DE-AB6E-4445-8EF2-F6BEFFC1D4E4}.Release|x86.ActiveCfg = Release|Win32
		{DE80C9DE-AB6E-4445-8EF2-F6BEFFC1D4E4}.Release|x86.Build.0 = Release|Win32
		{22E1DC68-35A4-4B83-8972-CBA14F609676}.Debug|x64.ActiveCfg = Debug|x64
		{22E1DC68-35A4-4B83-8972-CBA14F609676}.Debug|x64.Build.0 = Debug|x64
		{22E1DC68-35A4-4B83-8972-CBA14F609676}.Debug|x86.ActiveCfg = Debug|Win32
		{22E1DC68-35A4-4B83-8972-CBA14F609676}.Debug|x86.Build.0 = Debug|Win32
		{22E1DC68-35A4-4B83-8972-CBA14F609676}.Release|x64.ActiveCfg = Release|x64
		{22E1DC68-35A4-4B83-8972-CBA14F609676}.Release|x64.Build.0 = Release|x64
		{22E1DC68-35A4-4B83-8972-CBA14F609676}.Release|x86.ActiveCfg = Release|Win32
		{22E1DC68-35A4-4B83-8972-CBA14F609676}.Release|x86.Build.0 = Release|Win32
		{8274A8EF-B363-4AE7-A65F-532EB1279E81}.Debug|x64.ActiveCfg = Debug|x64
		{8274A8EF-B363-4AE7-A65F-532EB1279E81}.Debug|x64.Build.0 = Debug|x64
		{8274A8EF-B363-4AE7-A65F-532EB1279E81}.Debug|x86.ActiveCfg = Debug|Win32
		{8274A8EF-B363-4AE7-A65F-532EB1279E81}.Debug|x86.Build.0 = Debug|Win32
		{8274A8EF-B363-4AE7-A65F-532EB1279E81}.Release|x64.ActiveCfg = Release|x64
		{8274A8EF-B363-4AE7-A65F-532EB1279E81}.Release|x64.Build.0 = Release|x64
		{8274A8EF-B363-4AE7-A65F-532EB1279E81}.Release|x86.ActiveCfg = Release|Win32
		{8274A8EF-B363-4AE7-A65F-532EB1279E81}.Release|x86.Build.0 = Release|Win32
		{530538B3-0EB0-4D60-B872-4ED4AB2DBFE8}.Debug|x64.ActiveCfg = Debug|x64
		{530538B3-0EB0-4D60-B872-4ED4AB2DBFE8}.Debug|x64.Build.0 = Debug|x64
		{530538B3-0EB0-4D60-B872-4ED4AB2DBFE8}.Debug|x86.ActiveCfg = Debug|Win32
		{530538B3-0EB0-4D60-B872-4ED4AB2DBFE8}.Debug|x86.Build.0 = Debug|Win32
		{530538B3-0EB0-4D60-B872-4ED4AB2DBFE8}.Release|x64.ActiveCfg = Release|x64
		{530538B3-0EB0-4D60-B872-4ED4AB2DBFE8}.Release|x64.Build.0 = Release|x64
		{530538B3-0EB0-4D60-B872-4ED4AB2DBFE8}.Release|x86.ActiveCfg = Release|Win32
		{530538B3-0EB0-4D60-B872-4ED4AB2DBFE8}.Release|x86.Build.0 = Release|Win32
		{761567C0-5562-4E8F-A8E4-8C56FF33CA21}.Debug|x64.ActiveCfg = Debug|x64
		{761567C0-5562-4E8F-A8E4-8C56FF33CA21}.Debug|x64.Build.0 = Debug|x64
		{761567C0-5562-4E8F-A8E4-8C56FF33CA21}.Debug|x86.ActiveCfg = Debug|Win32
		{761567C0-5562-4E8F-A8E4-8C56FF33CA21}.Debug|x86.Build.0 = Debug|Win32
		{761567C0-5562-4E8F-A8E4-8C56FF33CA21}.Release|x64.ActiveCfg = Release|x64
		{761567C0-5562-4E8F-A8E4-8C56FF33CA21}.Release|x64.Build.0 = Release|x64
		{761567C0-5562-4E8F-A8E4-8C56FF33CA21}.Release|x86.ActiveCfg = Release|Win32
		{761567C0-5562-4E8F-A8E4-8C56FF33CA21}.Release|x86.Build.0 = Release|Win32
		{FB6043C8-33A4-4C0B-B2C2-F2F66525D86D}.Debug|x64.ActiveCfg = Debug|x64
		{FB6043C8-33A4-4C0B-B2C2-F2F66525D86D}.Debug|x64.Build.0 = Debug|x64
		{FB6043C8-33A4-4C0B-B2C2-F2F66525D86D}.Debug|x86.ActiveCfg = Debug|Win32
		{FB6043C8-33A4-4C0B-B2C2-F2F66525D86D}.Debug|x86.Build.0 = Debug|Win32
		{FB6043C8-33A4-4C0B-B2C2-F2F66525D86D}.Release|x64.ActiveCfg = Release|x64
		{FB6043C8-33A4-4C0B-B2C2-F2F66525D86D}.Release|x64.Build.0 = Release|x64
		{FB6043C8-33A4-4C0B-B2C2-F2F66525D86D}.Release|x86.ActiveCfg = Release|Win32
		{FB6043C8-33A4-4C0B-B2C2-F2F66525D86D}.Release|x86.Build.0 = Release|Win32
	EndGlobalSection
	GlobalSection(SolutionProperties) = preSolution
		HideSolutionNode = FALSE
	EndGlobalSection
	GlobalSection(ExtensibilityGlobals) = postSolution
		SolutionGuid = {97650ED3-01A4-417E-BD24-54ADE50E8017}
	EndGlobalSection
EndGlobal
